lockfileVersion: '9.0'

settings:
  autoInstallPeers: true
  excludeLinksFromLockfile: false

overrides:
  '@earendil-works/pi-ai': link:../../pi-mono/packages/ai
  '@earendil-works/pi-coding-agent': link:../../pi-mono/packages/coding-agent
  '@earendil-works/pi-tui': link:../../pi-mono/packages/tui

importers:

  .:
    dependencies:
      '@earendil-works/pi-ai':
        specifier: link:../../pi-mono/packages/ai
        version: link:../../pi-mono/packages/ai
      '@earendil-works/pi-coding-agent':
        specifier: link:../../pi-mono/packages/coding-agent
        version: link:../../pi-mono/packages/coding-agent
      '@earendil-works/pi-tui':
        specifier: link:../../pi-mono/packages/tui
        version: link:../../pi-mono/packages/tui
    devDependencies:
      typescript:
        specifier: ^5.9.3
        version: 5.9.3

packages:

  typescript@5.9.3:
    resolution: {integrity: sha512-jl1vZzPDinLr9eUt3J/t7V6FgNEw9QjvBPdysz9KfQDD41fQrC2Y4vKQdiaUpFT4bXlb1RHhLpp8wtm6M5TgSw==}
    engines: {node: '>=14.17'}
    hasBin: true

snapshots:

  typescript@5.9.3: {}
